// !$*UTF8*$!
{
	archiveVersion = 1;
	classes = {
	};
	objectVersion = 56;
	objects = {

/* Begin PBXBuildFile section */
		A10590BF2AB7A3AF0031D366 /* DashboardView.swift in Sources */ = {isa = PBXBuildFile; fileRef = A10590BE2AB7A3AF0031D366 /* DashboardView.swift */; };
		A10590C12AB7A6F70031D366 /* ProfileViewViewModel.swift in Sources */ = {isa = PBXBuildFile; fileRef = A10590C02AB7A6F70031D366 /* ProfileViewViewModel.swift */; };
		A10590C32AB7A90E0031D366 /* Encodable.swift in Sources */ = {isa = PBXBuildFile; fileRef = A10590C22AB7A90E0031D366 /* Encodable.swift */; };
		A10590C52AB7AA730031D366 /* DashboardViewViewModel.swift in Sources */ = {isa = PBXBuildFile; fileRef = A10590C42AB7AA730031D366 /* DashboardViewViewModel.swift */; };
		A10590C72AB7BA940031D366 /* TodoList.swift in Sources */ = {isa = PBXBuildFile; fileRef = A10590C62AB7BA940031D366 /* TodoList.swift */; };
		A10590CB2AB86B9A0031D366 /* QuerySnapshot.swift in Sources */ = {isa = PBXBuildFile; fileRef = A10590CA2AB86B9A0031D366 /* QuerySnapshot.swift */; };
		A10590CD2AB88BE50031D366 /* ListsView.swift in Sources */ = {isa = PBXBuildFile; fileRef = A10590CC2AB88BE50031D366 /* ListsView.swift */; };
		A10590CF2AB88C9D0031D366 /* ListsViewViewModel.swift in Sources */ = {isa = PBXBuildFile; fileRef = A10590CE2AB88C9D0031D366 /* ListsViewViewModel.swift */; };
		A10590D12AB8A1D90031D366 /* NewListView.swift in Sources */ = {isa = PBXBuildFile; fileRef = A10590D02AB8A1D90031D366 /* NewListView.swift */; };
		A10590D32AB8A1E40031D366 /* NewListViewViewModel.swift in Sources */ = {isa = PBXBuildFile; fileRef = A10590D22AB8A1E40031D366 /* NewListViewViewModel.swift */; };
		A106420A2AB7570500045FBD /* HeaderView.swift in Sources */ = {isa = PBXBuildFile; fileRef = A10642092AB7570500045FBD /* HeaderView.swift */; };
		A106420C2AB7591200045FBD /* BaseView.swift in Sources */ = {isa = PBXBuildFile; fileRef = A106420B2AB7591200045FBD /* BaseView.swift */; };
		A106420E2AB75DC500045FBD /* ForgotPasswordView.swift in Sources */ = {isa = PBXBuildFile; fileRef = A106420D2AB75DC500045FBD /* ForgotPasswordView.swift */; };
		A10642102AB75DCF00045FBD /* ForgotPasswordViewViewModel.swift in Sources */ = {isa = PBXBuildFile; fileRef = A106420F2AB75DCF00045FBD /* ForgotPasswordViewViewModel.swift */; };
		A10642122AB769BB00045FBD /* PrimaryButton.swift in Sources */ = {isa = PBXBuildFile; fileRef = A10642112AB769BB00045FBD /* PrimaryButton.swift */; };
		A10642152AB76FCF00045FBD /* String.swift in Sources */ = {isa = PBXBuildFile; fileRef = A10642142AB76FCF00045FBD /* String.swift */; };
		A10642172AB7706700045FBD /* ErrorMessageView.swift in Sources */ = {isa = PBXBuildFile; fileRef = A10642162AB7706700045FBD /* ErrorMessageView.swift */; };
		A10642192AB78B0700045FBD /* PasswordField.swift in Sources */ = {isa = PBXBuildFile; fileRef = A10642182AB78B0700045FBD /* PasswordField.swift */; };
		A106421B2AB78B5B00045FBD /* EmailOrMobileNumberField.swift in Sources */ = {isa = PBXBuildFile; fileRef = A106421A2AB78B5B00045FBD /* EmailOrMobileNumberField.swift */; };
		A146BEE52AB7353900A51C57 /* SceneDelegate.swift in Sources */ = {isa = PBXBuildFile; fileRef = A146BEE42AB7353900A51C57 /* SceneDelegate.swift */; };
		A146BEE72AB7353900A51C57 /* MainView.swift in Sources */ = {isa = PBXBuildFile; fileRef = A146BEE62AB7353900A51C57 /* MainView.swift */; };
		A146BEE92AB7353A00A51C57 /* Assets.xcassets in Resources */ = {isa = PBXBuildFile; fileRef = A146BEE82AB7353A00A51C57 /* Assets.xcassets */; };
		A146BEEC2AB7353A00A51C57 /* Preview Assets.xcassets in Resources */ = {isa = PBXBuildFile; fileRef = A146BEEB2AB7353A00A51C57 /* Preview Assets.xcassets */; };
		A146BEF42AB736AC00A51C57 /* FirebaseAnalytics in Frameworks */ = {isa = PBXBuildFile; productRef = A146BEF32AB736AC00A51C57 /* FirebaseAnalytics */; };
		A146BEF62AB736AC00A51C57 /* FirebaseAuth in Frameworks */ = {isa = PBXBuildFile; productRef = A146BEF52AB736AC00A51C57 /* FirebaseAuth */; };
		A146BEF82AB736AC00A51C57 /* FirebaseFirestore in Frameworks */ = {isa = PBXBuildFile; productRef = A146BEF72AB736AC00A51C57 /* FirebaseFirestore */; };
		A146BEFA2AB736AC00A51C57 /* FirebaseFirestoreSwift in Frameworks */ = {isa = PBXBuildFile; productRef = A146BEF92AB736AC00A51C57 /* FirebaseFirestoreSwift */; };
		A146BEFC2AB736AC00A51C57 /* FirebaseMessaging in Frameworks */ = {isa = PBXBuildFile; productRef = A146BEFB2AB736AC00A51C57 /* FirebaseMessaging */; };
		A146BEFE2AB7379D00A51C57 /* GoogleService-Info.plist in Resources */ = {isa = PBXBuildFile; fileRef = A146BEFD2AB7379D00A51C57 /* GoogleService-Info.plist */; };
		A146BF042AB73AF900A51C57 /* ProfileView.swift in Sources */ = {isa = PBXBuildFile; fileRef = A146BF032AB73AF900A51C57 /* ProfileView.swift */; };
		A146BF062AB73B0800A51C57 /* ToDoListView.swift in Sources */ = {isa = PBXBuildFile; fileRef = A146BF052AB73B0800A51C57 /* ToDoListView.swift */; };
		A146BF082AB73B1300A51C57 /* SignInView.swift in Sources */ = {isa = PBXBuildFile; fileRef = A146BF072AB73B1300A51C57 /* SignInView.swift */; };
		A146BF0A2AB73B3700A51C57 /* NewItemView.swift in Sources */ = {isa = PBXBuildFile; fileRef = A146BF092AB73B3700A51C57 /* NewItemView.swift */; };
		A146BF0C2AB73B4400A51C57 /* SignUpView.swift in Sources */ = {isa = PBXBuildFile; fileRef = A146BF0B2AB73B4400A51C57 /* SignUpView.swift */; };
		A146BF0E2AB73B7100A51C57 /* ToDoListItemView.swift in Sources */ = {isa = PBXBuildFile; fileRef = A146BF0D2AB73B7100A51C57 /* ToDoListItemView.swift */; };
		A146BF102AB73B7C00A51C57 /* User.swift in Sources */ = {isa = PBXBuildFile; fileRef = A146BF0F2AB73B7C00A51C57 /* User.swift */; };
		A146BF122AB73BA600A51C57 /* TodoListItem.swift in Sources */ = {isa = PBXBuildFile; fileRef = A146BF112AB73BA600A51C57 /* TodoListItem.swift */; };
		A146BF142AB73BBE00A51C57 /* MainViewViewModel.swift in Sources */ = {isa = PBXBuildFile; fileRef = A146BF132AB73BBE00A51C57 /* MainViewViewModel.swift */; };
		A146BF182AB73BD800A51C57 /* SignInViewViewModel.swift in Sources */ = {isa = PBXBuildFile; fileRef = A146BF172AB73BD800A51C57 /* SignInViewViewModel.swift */; };
		A146BF1A2AB73BE600A51C57 /* SignUpViewViewModel.swift in Sources */ = {isa = PBXBuildFile; fileRef = A146BF192AB73BE600A51C57 /* SignUpViewViewModel.swift */; };
		A146BF1C2AB73BF800A51C57 /* NewItemViewViewModel.swift in Sources */ = {isa = PBXBuildFile; fileRef = A146BF1B2AB73BF800A51C57 /* NewItemViewViewModel.swift */; };
		A146BF1E2AB73C0200A51C57 /* ToDoListViewViewModel.swift in Sources */ = {isa = PBXBuildFile; fileRef = A146BF1D2AB73C0200A51C57 /* ToDoListViewViewModel.swift */; };
		A146BF202AB73C1A00A51C57 /* ToDoListItemViewViewModel.swift in Sources */ = {isa = PBXBuildFile; fileRef = A146BF1F2AB73C1A00A51C57 /* ToDoListItemViewViewModel.swift */; };
		A15982A72AB8F528007ABA6B /* SwipeActionView.swift in Sources */ = {isa = PBXBuildFile; fileRef = A15982A62AB8F528007ABA6B /* SwipeActionView.swift */; };
		A15982A92AB8F55F007ABA6B /* SwipeActionButton.swift in Sources */ = {isa = PBXBuildFile; fileRef = A15982A82AB8F55F007ABA6B /* SwipeActionButton.swift */; };
		A15982AB2AB8F5BF007ABA6B /* View.swift in Sources */ = {isa = PBXBuildFile; fileRef = A15982AA2AB8F5BF007ABA6B /* View.swift */; };
		A15982AD2AB8F879007ABA6B /* TimeInterval.swift in Sources */ = {isa = PBXBuildFile; fileRef = A15982AC2AB8F879007ABA6B /* TimeInterval.swift */; };
		A15982B02AB91635007ABA6B /* AppDelegate.swift in Sources */ = {isa = PBXBuildFile; fileRef = A15982AF2AB91635007ABA6B /* AppDelegate.swift */; };
		A15982B32AB9167A007ABA6B /* GoogleSignIn in Frameworks */ = {isa = PBXBuildFile; productRef = A15982B22AB9167A007ABA6B /* GoogleSignIn */; };
		A15982B62AB91CA4007ABA6B /* FacebookLogin in Frameworks */ = {isa = PBXBuildFile; productRef = A15982B52AB91CA4007ABA6B /* FacebookLogin */; };
		A15982B92AB9221C007ABA6B /* AuthBaseViewModel.swift in Sources */ = {isa = PBXBuildFile; fileRef = A15982B82AB9221C007ABA6B /* AuthBaseViewModel.swift */; };
		A1A830102ABB20B800F131B2 /* Constants.swift in Sources */ = {isa = PBXBuildFile; fileRef = A1A8300F2ABB20B800F131B2 /* Constants.swift */; };
		A1E5641F2AB7439100848C40 /* Localizable.strings in Resources */ = {isa = PBXBuildFile; fileRef = A1E564212AB7439100848C40 /* Localizable.strings */; };
		A1E564232AB744B900848C40 /* SettingsView.swift in Sources */ = {isa = PBXBuildFile; fileRef = A1E564222AB744B900848C40 /* SettingsView.swift */; };
		A1E564252AB744C300848C40 /* SettingsViewViewModel.swift in Sources */ = {isa = PBXBuildFile; fileRef = A1E564242AB744C300848C40 /* SettingsViewViewModel.swift */; };
		A1E564272AB7473800848C40 /* BaseViewModel.swift in Sources */ = {isa = PBXBuildFile; fileRef = A1E564262AB7473800848C40 /* BaseViewModel.swift */; };
/* End PBXBuildFile section */

/* Begin PBXFileReference section */
		A10590BE2AB7A3AF0031D366 /* DashboardView.swift */ = {isa = PBXFileReference; lastKnownFileType = sourcecode.swift; path = DashboardView.swift; sourceTree = "<group>"; };
		A10590C02AB7A6F70031D366 /* ProfileViewViewModel.swift */ = {isa = PBXFileReference; fileEncoding = 4; lastKnownFileType = sourcecode.swift; path = ProfileViewViewModel.swift; sourceTree = "<group>"; };
		A10590C22AB7A90E0031D366 /* Encodable.swift */ = {isa = PBXFileReference; lastKnownFileType = sourcecode.swift; path = Encodable.swift; sourceTree = "<group>"; };
		A10590C42AB7AA730031D366 /* DashboardViewViewModel.swift */ = {isa = PBXFileReference; lastKnownFileType = sourcecode.swift; path = DashboardViewViewModel.swift; sourceTree = "<group>"; };
		A10590C62AB7BA940031D366 /* TodoList.swift */ = {isa = PBXFileReference; lastKnownFileType = sourcecode.swift; path = TodoList.swift; sourceTree = "<group>"; };
		A10590CA2AB86B9A0031D366 /* QuerySnapshot.swift */ = {isa = PBXFileReference; lastKnownFileType = sourcecode.swift; path = QuerySnapshot.swift; sourceTree = "<group>"; };
		A10590CC2AB88BE50031D366 /* ListsView.swift */ = {isa = PBXFileReference; lastKnownFileType = sourcecode.swift; path = ListsView.swift; sourceTree = "<group>"; };
		A10590CE2AB88C9D0031D366 /* ListsViewViewModel.swift */ = {isa = PBXFileReference; lastKnownFileType = sourcecode.swift; path = ListsViewViewModel.swift; sourceTree = "<group>"; };
		A10590D02AB8A1D90031D366 /* NewListView.swift */ = {isa = PBXFileReference; lastKnownFileType = sourcecode.swift; path = NewListView.swift; sourceTree = "<group>"; };
		A10590D22AB8A1E40031D366 /* NewListViewViewModel.swift */ = {isa = PBXFileReference; lastKnownFileType = sourcecode.swift; path = NewListViewViewModel.swift; sourceTree = "<group>"; };
		A10642092AB7570500045FBD /* HeaderView.swift */ = {isa = PBXFileReference; lastKnownFileType = sourcecode.swift; path = HeaderView.swift; sourceTree = "<group>"; };
		A106420B2AB7591200045FBD /* BaseView.swift */ = {isa = PBXFileReference; lastKnownFileType = sourcecode.swift; path = BaseView.swift; sourceTree = "<group>"; };
		A106420D2AB75DC500045FBD /* ForgotPasswordView.swift */ = {isa = PBXFileReference; lastKnownFileType = sourcecode.swift; path = ForgotPasswordView.swift; sourceTree = "<group>"; };
		A106420F2AB75DCF00045FBD /* ForgotPasswordViewViewModel.swift */ = {isa = PBXFileReference; lastKnownFileType = sourcecode.swift; path = ForgotPasswordViewViewModel.swift; sourceTree = "<group>"; };
		A10642112AB769BB00045FBD /* PrimaryButton.swift */ = {isa = PBXFileReference; lastKnownFileType = sourcecode.swift; path = PrimaryButton.swift; sourceTree = "<group>"; };
		A10642142AB76FCF00045FBD /* String.swift */ = {isa = PBXFileReference; lastKnownFileType = sourcecode.swift; path = String.swift; sourceTree = "<group>"; };
		A10642162AB7706700045FBD /* ErrorMessageView.swift */ = {isa = PBXFileReference; lastKnownFileType = sourcecode.swift; path = ErrorMessageView.swift; sourceTree = "<group>"; };
		A10642182AB78B0700045FBD /* PasswordField.swift */ = {isa = PBXFileReference; lastKnownFileType = sourcecode.swift; path = PasswordField.swift; sourceTree = "<group>"; };
		A106421A2AB78B5B00045FBD /* EmailOrMobileNumberField.swift */ = {isa = PBXFileReference; lastKnownFileType = sourcecode.swift; path = EmailOrMobileNumberField.swift; sourceTree = "<group>"; };
		A146BEE12AB7353900A51C57 /* To Do.app */ = {isa = PBXFileReference; explicitFileType = wrapper.application; includeInIndex = 0; path = "To Do.app"; sourceTree = BUILT_PRODUCTS_DIR; };
		A146BEE42AB7353900A51C57 /* SceneDelegate.swift */ = {isa = PBXFileReference; lastKnownFileType = sourcecode.swift; path = SceneDelegate.swift; sourceTree = "<group>"; };
		A146BEE62AB7353900A51C57 /* MainView.swift */ = {isa = PBXFileReference; lastKnownFileType = sourcecode.swift; path = MainView.swift; sourceTree = "<group>"; };
		A146BEE82AB7353A00A51C57 /* Assets.xcassets */ = {isa = PBXFileReference; lastKnownFileType = folder.assetcatalog; path = Assets.xcassets; sourceTree = "<group>"; };
		A146BEEB2AB7353A00A51C57 /* Preview Assets.xcassets */ = {isa = PBXFileReference; lastKnownFileType = folder.assetcatalog; path = "Preview Assets.xcassets"; sourceTree = "<group>"; };
		A146BEFD2AB7379D00A51C57 /* GoogleService-Info.plist */ = {isa = PBXFileReference; fileEncoding = 4; lastKnownFileType = text.plist.xml; path = "GoogleService-Info.plist"; sourceTree = "<group>"; };
		A146BF032AB73AF900A51C57 /* ProfileView.swift */ = {isa = PBXFileReference; lastKnownFileType = sourcecode.swift; path = ProfileView.swift; sourceTree = "<group>"; };
		A146BF052AB73B0800A51C57 /* ToDoListView.swift */ = {isa = PBXFileReference; lastKnownFileType = sourcecode.swift; path = ToDoListView.swift; sourceTree = "<group>"; };
		A146BF072AB73B1300A51C57 /* SignInView.swift */ = {isa = PBXFileReference; lastKnownFileType = sourcecode.swift; path = SignInView.swift; sourceTree = "<group>"; };
		A146BF092AB73B3700A51C57 /* NewItemView.swift */ = {isa = PBXFileReference; lastKnownFileType = sourcecode.swift; path = NewItemView.swift; sourceTree = "<group>"; };
		A146BF0B2AB73B4400A51C57 /* SignUpView.swift */ = {isa = PBXFileReference; lastKnownFileType = sourcecode.swift; path = SignUpView.swift; sourceTree = "<group>"; };
		A146BF0D2AB73B7100A51C57 /* ToDoListItemView.swift */ = {isa = PBXFileReference; lastKnownFileType = sourcecode.swift; path = ToDoListItemView.swift; sourceTree = "<group>"; };
		A146BF0F2AB73B7C00A51C57 /* User.swift */ = {isa = PBXFileReference; lastKnownFileType = sourcecode.swift; path = User.swift; sourceTree = "<group>"; };
		A146BF112AB73BA600A51C57 /* TodoListItem.swift */ = {isa = PBXFileReference; lastKnownFileType = sourcecode.swift; path = TodoListItem.swift; sourceTree = "<group>"; };
		A146BF132AB73BBE00A51C57 /* MainViewViewModel.swift */ = {isa = PBXFileReference; lastKnownFileType = sourcecode.swift; path = MainViewViewModel.swift; sourceTree = "<group>"; };
		A146BF172AB73BD800A51C57 /* SignInViewViewModel.swift */ = {isa = PBXFileReference; lastKnownFileType = sourcecode.swift; path = SignInViewViewModel.swift; sourceTree = "<group>"; };
		A146BF192AB73BE600A51C57 /* SignUpViewViewModel.swift */ = {isa = PBXFileReference; lastKnownFileType = sourcecode.swift; path = SignUpViewViewModel.swift; sourceTree = "<group>"; };
		A146BF1B2AB73BF800A51C57 /* NewItemViewViewModel.swift */ = {isa = PBXFileReference; lastKnownFileType = sourcecode.swift; path = NewItemViewViewModel.swift; sourceTree = "<group>"; };
		A146BF1D2AB73C0200A51C57 /* ToDoListViewViewModel.swift */ = {isa = PBXFileReference; lastKnownFileType = sourcecode.swift; path = ToDoListViewViewModel.swift; sourceTree = "<group>"; };
		A146BF1F2AB73C1A00A51C57 /* ToDoListItemViewViewModel.swift */ = {isa = PBXFileReference; lastKnownFileType = sourcecode.swift; path = ToDoListItemViewViewModel.swift; sourceTree = "<group>"; };
		A15982A62AB8F528007ABA6B /* SwipeActionView.swift */ = {isa = PBXFileReference; lastKnownFileType = sourcecode.swift; path = SwipeActionView.swift; sourceTree = "<group>"; };
		A15982A82AB8F55F007ABA6B /* SwipeActionButton.swift */ = {isa = PBXFileReference; lastKnownFileType = sourcecode.swift; path = SwipeActionButton.swift; sourceTree = "<group>"; };
		A15982AA2AB8F5BF007ABA6B /* View.swift */ = {isa = PBXFileReference; lastKnownFileType = sourcecode.swift; path = View.swift; sourceTree = "<group>"; };
		A15982AC2AB8F879007ABA6B /* TimeInterval.swift */ = {isa = PBXFileReference; lastKnownFileType = sourcecode.swift; path = TimeInterval.swift; sourceTree = "<group>"; };
		A15982AF2AB91635007ABA6B /* AppDelegate.swift */ = {isa = PBXFileReference; lastKnownFileType = sourcecode.swift; path = AppDelegate.swift; sourceTree = "<group>"; };
		A15982B72AB91D74007ABA6B /* To Do.entitlements */ = {isa = PBXFileReference; lastKnownFileType = text.plist.entitlements; path = "To Do.entitlements"; sourceTree = "<group>"; };
		A15982B82AB9221C007ABA6B /* AuthBaseViewModel.swift */ = {isa = PBXFileReference; lastKnownFileType = sourcecode.swift; path = AuthBaseViewModel.swift; sourceTree = "<group>"; };
		A199DBB12AB9251000B51716 /* Info.plist */ = {isa = PBXFileReference; fileEncoding = 4; lastKnownFileType = text.plist.xml; path = Info.plist; sourceTree = "<group>"; };
		A1A8300F2ABB20B800F131B2 /* Constants.swift */ = {isa = PBXFileReference; lastKnownFileType = sourcecode.swift; path = Constants.swift; sourceTree = "<group>"; };
		A1E564202AB7439100848C40 /* en */ = {isa = PBXFileReference; lastKnownFileType = text.plist.strings; name = en; path = en.lproj/Localizable.strings; sourceTree = "<group>"; };
		A1E564222AB744B900848C40 /* SettingsView.swift */ = {isa = PBXFileReference; lastKnownFileType = sourcecode.swift; path = SettingsView.swift; sourceTree = "<group>"; };
		A1E564242AB744C300848C40 /* SettingsViewViewModel.swift */ = {isa = PBXFileReference; lastKnownFileType = sourcecode.swift; path = SettingsViewViewModel.swift; sourceTree = "<group>"; };
		A1E564262AB7473800848C40 /* BaseViewModel.swift */ = {isa = PBXFileReference; lastKnownFileType = sourcecode.swift; path = BaseViewModel.swift; sourceTree = "<group>"; };
/* End PBXFileReference section */

/* Begin PBXFrameworksBuildPhase section */
		A146BEDE2AB7353900A51C57 /* Frameworks */ = {
			isa = PBXFrameworksBuildPhase;
			buildActionMask = 2147483647;
			files = (
				A146BEF42AB736AC00A51C57 /* FirebaseAnalytics in Frameworks */,
				A146BEF62AB736AC00A51C57 /* FirebaseAuth in Frameworks */,
				A146BEFC2AB736AC00A51C57 /* FirebaseMessaging in Frameworks */,
				A146BEF82AB736AC00A51C57 /* FirebaseFirestore in Frameworks */,
				A146BEFA2AB736AC00A51C57 /* FirebaseFirestoreSwift in Frameworks */,
				A15982B62AB91CA4007ABA6B /* FacebookLogin in Frameworks */,
				A15982B32AB9167A007ABA6B /* GoogleSignIn in Frameworks */,
			);
			runOnlyForDeploymentPostprocessing = 0;
		};
/* End PBXFrameworksBuildPhase section */

/* Begin PBXGroup section */
		A10642082AB756F900045FBD /* Shared */ = {
			isa = PBXGroup;
			children = (
				A10642092AB7570500045FBD /* HeaderView.swift */,
				A10642112AB769BB00045FBD /* PrimaryButton.swift */,
				A10642162AB7706700045FBD /* ErrorMessageView.swift */,
				A10642182AB78B0700045FBD /* PasswordField.swift */,
				A106421A2AB78B5B00045FBD /* EmailOrMobileNumberField.swift */,
			);
			path = Shared;
			sourceTree = "<group>";
		};
		A10642132AB76FC200045FBD /* Extensions */ = {
			isa = PBXGroup;
			children = (
				A10642142AB76FCF00045FBD /* String.swift */,
				A10590C22AB7A90E0031D366 /* Encodable.swift */,
				A10590CA2AB86B9A0031D366 /* QuerySnapshot.swift */,
				A15982AA2AB8F5BF007ABA6B /* View.swift */,
				A15982AC2AB8F879007ABA6B /* TimeInterval.swift */,
			);
			path = Extensions;
			sourceTree = "<group>";
		};
		A146BED82AB7353900A51C57 = {
			isa = PBXGroup;
			children = (
				A146BEE32AB7353900A51C57 /* To Do */,
				A146BEE22AB7353900A51C57 /* Products */,
			);
			sourceTree = "<group>";
		};
		A146BEE22AB7353900A51C57 /* Products */ = {
			isa = PBXGroup;
			children = (
				A146BEE12AB7353900A51C57 /* To Do.app */,
			);
			name = Products;
			sourceTree = "<group>";
		};
		A146BEE32AB7353900A51C57 /* To Do */ = {
			isa = PBXGroup;
			children = (
				A15982B72AB91D74007ABA6B /* To Do.entitlements */,
				A15982A52AB8F50B007ABA6B /* Utils */,
				A10642132AB76FC200045FBD /* Extensions */,
				A146BF022AB73A8300A51C57 /* Resources */,
				A146BF012AB73A6C00A51C57 /* Models */,
				A146BF002AB73A6400A51C57 /* ViewModels */,
				A146BEFF2AB73A5800A51C57 /* Views */,
				A146BEE42AB7353900A51C57 /* SceneDelegate.swift */,
				A15982AF2AB91635007ABA6B /* AppDelegate.swift */,
				A146BEEA2AB7353A00A51C57 /* Preview Content */,
			);
			path = "To Do";
			sourceTree = "<group>";
		};
		A146BEEA2AB7353A00A51C57 /* Preview Content */ = {
			isa = PBXGroup;
			children = (
				A146BEEB2AB7353A00A51C57 /* Preview Assets.xcassets */,
			);
			path = "Preview Content";
			sourceTree = "<group>";
		};
		A146BEFF2AB73A5800A51C57 /* Views */ = {
			isa = PBXGroup;
			children = (
				A10642082AB756F900045FBD /* Shared */,
				A146BEE62AB7353900A51C57 /* MainView.swift */,
				A146BF032AB73AF900A51C57 /* ProfileView.swift */,
				A146BF052AB73B0800A51C57 /* ToDoListView.swift */,
				A146BF072AB73B1300A51C57 /* SignInView.swift */,
				A146BF092AB73B3700A51C57 /* NewItemView.swift */,
				A146BF0B2AB73B4400A51C57 /* SignUpView.swift */,
				A146BF0D2AB73B7100A51C57 /* ToDoListItemView.swift */,
				A1E564222AB744B900848C40 /* SettingsView.swift */,
				A106420B2AB7591200045FBD /* BaseView.swift */,
				A106420D2AB75DC500045FBD /* ForgotPasswordView.swift */,
				A10590BE2AB7A3AF0031D366 /* DashboardView.swift */,
				A10590CC2AB88BE50031D366 /* ListsView.swift */,
				A10590D02AB8A1D90031D366 /* NewListView.swift */,
			);
			path = Views;
			sourceTree = "<group>";
		};
		A146BF002AB73A6400A51C57 /* ViewModels */ = {
			isa = PBXGroup;
			children = (
				A10590C02AB7A6F70031D366 /* ProfileViewViewModel.swift */,
				A146BF132AB73BBE00A51C57 /* MainViewViewModel.swift */,
				A146BF172AB73BD800A51C57 /* SignInViewViewModel.swift */,
				A146BF192AB73BE600A51C57 /* SignUpViewViewModel.swift */,
				A146BF1B2AB73BF800A51C57 /* NewItemViewViewModel.swift */,
				A146BF1D2AB73C0200A51C57 /* ToDoListViewViewModel.swift */,
				A146BF1F2AB73C1A00A51C57 /* ToDoListItemViewViewModel.swift */,
				A1E564242AB744C300848C40 /* SettingsViewViewModel.swift */,
				A1E564262AB7473800848C40 /* BaseViewModel.swift */,
				A106420F2AB75DCF00045FBD /* ForgotPasswordViewViewModel.swift */,
				A10590C42AB7AA730031D366 /* DashboardViewViewModel.swift */,
				A10590CE2AB88C9D0031D366 /* ListsViewViewModel.swift */,
				A10590D22AB8A1E40031D366 /* NewListViewViewModel.swift */,
				A15982B82AB9221C007ABA6B /* AuthBaseViewModel.swift */,
			);
			path = ViewModels;
			sourceTree = "<group>";
		};
		A146BF012AB73A6C00A51C57 /* Models */ = {
			isa = PBXGroup;
			children = (
				A146BF0F2AB73B7C00A51C57 /* User.swift */,
				A146BF112AB73BA600A51C57 /* TodoListItem.swift */,
				A10590C62AB7BA940031D366 /* TodoList.swift */,
			);
			path = Models;
			sourceTree = "<group>";
		};
		A146BF022AB73A8300A51C57 /* Resources */ = {
			isa = PBXGroup;
			children = (
				A199DBB12AB9251000B51716 /* Info.plist */,
				A146BEFD2AB7379D00A51C57 /* GoogleService-Info.plist */,
				A146BEE82AB7353A00A51C57 /* Assets.xcassets */,
				A1E564212AB7439100848C40 /* Localizable.strings */,
			);
			path = Resources;
			sourceTree = "<group>";
		};
		A15982A52AB8F50B007ABA6B /* Utils */ = {
			isa = PBXGroup;
			children = (
				A15982A62AB8F528007ABA6B /* SwipeActionView.swift */,
				A15982A82AB8F55F007ABA6B /* SwipeActionButton.swift */,
				A1A8300F2ABB20B800F131B2 /* Constants.swift */,
			);
			path = Utils;
			sourceTree = "<group>";
		};
/* End PBXGroup section */

/* Begin PBXNativeTarget section */
		A146BEE02AB7353900A51C57 /* To Do */ = {
			isa = PBXNativeTarget;
			buildConfigurationList = A146BEEF2AB7353A00A51C57 /* Build configuration list for PBXNativeTarget "To Do" */;
			buildPhases = (
				A146BEDD2AB7353900A51C57 /* Sources */,
				A146BEDE2AB7353900A51C57 /* Frameworks */,
				A146BEDF2AB7353900A51C57 /* Resources */,
			);
			buildRules = (
			);
			dependencies = (
			);
			name = "To Do";
			packageProductDependencies = (
				A146BEF32AB736AC00A51C57 /* FirebaseAnalytics */,
				A146BEF52AB736AC00A51C57 /* FirebaseAuth */,
				A146BEF72AB736AC00A51C57 /* FirebaseFirestore */,
				A146BEF92AB736AC00A51C57 /* FirebaseFirestoreSwift */,
				A146BEFB2AB736AC00A51C57 /* FirebaseMessaging */,
				A15982B22AB9167A007ABA6B /* GoogleSignIn */,
				A15982B52AB91CA4007ABA6B /* FacebookLogin */,
			);
			productName = "To Do";
			productReference = A146BEE12AB7353900A51C57 /* To Do.app */;
			productType = "com.apple.product-type.application";
		};
/* End PBXNativeTarget section */

/* Begin PBXProject section */
		A146BED92AB7353900A51C57 /* Project object */ = {
			isa = PBXProject;
			attributes = {
				BuildIndependentTargetsInParallel = 1;
				LastSwiftUpdateCheck = 1430;
				LastUpgradeCheck = 1500;
				TargetAttributes = {
					A146BEE02AB7353900A51C57 = {
						CreatedOnToolsVersion = 14.3.1;
					};
				};
			};
			buildConfigurationList = A146BEDC2AB7353900A51C57 /* Build configuration list for PBXProject "To Do" */;
			compatibilityVersion = "Xcode 14.0";
			developmentRegion = en;
			hasScannedForEncodings = 0;
			knownRegions = (
				en,
				Base,
			);
			mainGroup = A146BED82AB7353900A51C57;
			packageReferences = (
				A146BEF22AB736AC00A51C57 /* XCRemoteSwiftPackageReference "firebase-ios-sdk" */,
				A15982B12AB9167A007ABA6B /* XCRemoteSwiftPackageReference "GoogleSignIn-iOS" */,
				A15982B42AB91CA4007ABA6B /* XCRemoteSwiftPackageReference "facebook-ios-sdk" */,
			);
			productRefGroup = A146BEE22AB7353900A51C57 /* Products */;
			projectDirPath = "";
			projectRoot = "";
			targets = (
				A146BEE02AB7353900A51C57 /* To Do */,
			);
		};
/* End PBXProject section */

/* Begin PBXResourcesBuildPhase section */
		A146BEDF2AB7353900A51C57 /* Resources */ = {
			isa = PBXResourcesBuildPhase;
			buildActionMask = 2147483647;
			files = (
				A146BEEC2AB7353A00A51C57 /* Preview Assets.xcassets in Resources */,
				A1E5641F2AB7439100848C40 /* Localizable.strings in Resources */,
				A146BEE92AB7353A00A51C57 /* Assets.xcassets in Resources */,
				A146BEFE2AB7379D00A51C57 /* GoogleService-Info.plist in Resources */,
			);
			runOnlyForDeploymentPostprocessing = 0;
		};
/* End PBXResourcesBuildPhase section */

/* Begin PBXSourcesBuildPhase section */
		A146BEDD2AB7353900A51C57 /* Sources */ = {
			isa = PBXSourcesBuildPhase;
			buildActionMask = 2147483647;
			files = (
				A146BF0A2AB73B3700A51C57 /* NewItemView.swift in Sources */,
				A10590CF2AB88C9D0031D366 /* ListsViewViewModel.swift in Sources */,
				A10590CD2AB88BE50031D366 /* ListsView.swift in Sources */,
				A1E564272AB7473800848C40 /* BaseViewModel.swift in Sources */,
				A146BF122AB73BA600A51C57 /* TodoListItem.swift in Sources */,
				A146BF142AB73BBE00A51C57 /* MainViewViewModel.swift in Sources */,
				A10590C32AB7A90E0031D366 /* Encodable.swift in Sources */,
				A15982AD2AB8F879007ABA6B /* TimeInterval.swift in Sources */,
				A1E564232AB744B900848C40 /* SettingsView.swift in Sources */,
				A10590C52AB7AA730031D366 /* DashboardViewViewModel.swift in Sources */,
				A146BEE72AB7353900A51C57 /* MainView.swift in Sources */,
				A10590CB2AB86B9A0031D366 /* QuerySnapshot.swift in Sources */,
				A1E564252AB744C300848C40 /* SettingsViewViewModel.swift in Sources */,
				A146BF042AB73AF900A51C57 /* ProfileView.swift in Sources */,
				A146BF0C2AB73B4400A51C57 /* SignUpView.swift in Sources */,
				A106420C2AB7591200045FBD /* BaseView.swift in Sources */,
				A10590C72AB7BA940031D366 /* TodoList.swift in Sources */,
				A146BF1A2AB73BE600A51C57 /* SignUpViewViewModel.swift in Sources */,
				A10642172AB7706700045FBD /* ErrorMessageView.swift in Sources */,
				A10590C12AB7A6F70031D366 /* ProfileViewViewModel.swift in Sources */,
				A15982AB2AB8F5BF007ABA6B /* View.swift in Sources */,
				A10642122AB769BB00045FBD /* PrimaryButton.swift in Sources */,
				A15982A72AB8F528007ABA6B /* SwipeActionView.swift in Sources */,
				A15982B92AB9221C007ABA6B /* AuthBaseViewModel.swift in Sources */,
				A10590D12AB8A1D90031D366 /* NewListView.swift in Sources */,
				A146BF062AB73B0800A51C57 /* ToDoListView.swift in Sources */,
				A10642152AB76FCF00045FBD /* String.swift in Sources */,
				A106420E2AB75DC500045FBD /* ForgotPasswordView.swift in Sources */,
				A10590D32AB8A1E40031D366 /* NewListViewViewModel.swift in Sources */,
				A146BF102AB73B7C00A51C57 /* User.swift in Sources */,
				A106420A2AB7570500045FBD /* HeaderView.swift in Sources */,
				A146BF0E2AB73B7100A51C57 /* ToDoListItemView.swift in Sources */,
				A15982B02AB91635007ABA6B /* AppDelegate.swift in Sources */,
				A146BEE52AB7353900A51C57 /* SceneDelegate.swift in Sources */,
				A146BF1C2AB73BF800A51C57 /* NewItemViewViewModel.swift in Sources */,
				A1A830102ABB20B800F131B2 /* Constants.swift in Sources */,
				A146BF082AB73B1300A51C57 /* SignInView.swift in Sources */,
				A146BF182AB73BD800A51C57 /* SignInViewViewModel.swift in Sources */,
				A10642102AB75DCF00045FBD /* ForgotPasswordViewViewModel.swift in Sources */,
				A10642192AB78B0700045FBD /* PasswordField.swift in Sources */,
				A146BF1E2AB73C0200A51C57 /* ToDoListViewViewModel.swift in Sources */,
				A15982A92AB8F55F007ABA6B /* SwipeActionButton.swift in Sources */,
				A146BF202AB73C1A00A51C57 /* ToDoListItemViewViewModel.swift in Sources */,
				A106421B2AB78B5B00045FBD /* EmailOrMobileNumberField.swift in Sources */,
				A10590BF2AB7A3AF0031D366 /* DashboardView.swift in Sources */,
			);
			runOnlyForDeploymentPostprocessing = 0;
		};
/* End PBXSourcesBuildPhase section */

/* Begin PBXVariantGroup section */
		A1E564212AB7439100848C40 /* Localizable.strings */ = {
			isa = PBXVariantGroup;
			children = (
				A1E564202AB7439100848C40 /* en */,
			);
			name = Localizable.strings;
			sourceTree = "<group>";
		};
/* End PBXVariantGroup section */

/* Begin XCBuildConfiguration section */
		A146BEED2AB7353A00A51C57 /* Debug */ = {
			isa = XCBuildConfiguration;
			buildSettings = {
				ALWAYS_SEARCH_USER_PATHS = NO;
				CLANG_ANALYZER_NONNULL = YES;
				CLANG_ANALYZER_NUMBER_OBJECT_CONVERSION = YES_AGGRESSIVE;
				CLANG_CXX_LANGUAGE_STANDARD = "gnu++20";
				CLANG_ENABLE_MODULES = YES;
				CLANG_ENABLE_OBJC_ARC = YES;
				CLANG_ENABLE_OBJC_WEAK = YES;
				CLANG_WARN_BLOCK_CAPTURE_AUTORELEASING = YES;
				CLANG_WARN_BOOL_CONVERSION = YES;
				CLANG_WARN_COMMA = YES;
				CLANG_WARN_CONSTANT_CONVERSION = YES;
				CLANG_WARN_DEPRECATED_OBJC_IMPLEMENTATIONS = YES;
				CLANG_WARN_DIRECT_OBJC_ISA_USAGE = YES_ERROR;
				CLANG_WARN_DOCUMENTATION_COMMENTS = YES;
				CLANG_WARN_EMPTY_BODY = YES;
				CLANG_WARN_ENUM_CONVERSION = YES;
				CLANG_WARN_INFINITE_RECURSION = YES;
				CLANG_WARN_INT_CONVERSION = YES;
				CLANG_WARN_NON_LITERAL_NULL_CONVERSION = YES;
				CLANG_WARN_OBJC_IMPLICIT_RETAIN_SELF = YES;
				CLANG_WARN_OBJC_LITERAL_CONVERSION = YES;
				CLANG_WARN_OBJC_ROOT_CLASS = YES_ERROR;
				CLANG_WARN_QUOTED_INCLUDE_IN_FRAMEWORK_HEADER = YES;
				CLANG_WARN_RANGE_LOOP_ANALYSIS = YES;
				CLANG_WARN_STRICT_PROTOTYPES = YES;
				CLANG_WARN_SUSPICIOUS_MOVE = YES;
				CLANG_WARN_UNGUARDED_AVAILABILITY = YES_AGGRESSIVE;
				CLANG_WARN_UNREACHABLE_CODE = YES;
				CLANG_WARN__DUPLICATE_METHOD_MATCH = YES;
				COPY_PHASE_STRIP = NO;
				DEBUG_INFORMATION_FORMAT = dwarf;
				ENABLE_STRICT_OBJC_MSGSEND = YES;
				ENABLE_TESTABILITY = YES;
				ENABLE_USER_SCRIPT_SANDBOXING = YES;
				GCC_C_LANGUAGE_STANDARD = gnu11;
				GCC_DYNAMIC_NO_PIC = NO;
				GCC_NO_COMMON_BLOCKS = YES;
				GCC_OPTIMIZATION_LEVEL = 0;
				GCC_PREPROCESSOR_DEFINITIONS = (
					"DEBUG=1",
					"$(inherited)",
				);
				GCC_WARN_64_TO_32_BIT_CONVERSION = YES;
				GCC_WARN_ABOUT_RETURN_TYPE = YES_ERROR;
				GCC_WARN_UNDECLARED_SELECTOR = YES;
				GCC_WARN_UNINITIALIZED_AUTOS = YES_AGGRESSIVE;
				GCC_WARN_UNUSED_FUNCTION = YES;
				GCC_WARN_UNUSED_VARIABLE = YES;
				IPHONEOS_DEPLOYMENT_TARGET = 16.4;
				MTL_ENABLE_DEBUG_INFO = INCLUDE_SOURCE;
				MTL_FAST_MATH = YES;
				ONLY_ACTIVE_ARCH = YES;
				SDKROOT = iphoneos;
				SWIFT_ACTIVE_COMPILATION_CONDITIONS = DEBUG;
				SWIFT_OPTIMIZATION_LEVEL = "-Onone";
			};
			name = Debug;
		};
		A146BEEE2AB7353A00A51C57 /* Release */ = {
			isa = XCBuildConfiguration;
			buildSettings = {
				ALWAYS_SEARCH_USER_PATHS = NO;
				CLANG_ANALYZER_NONNULL = YES;
				CLANG_ANALYZER_NUMBER_OBJECT_CONVERSION = YES_AGGRESSIVE;
				CLANG_CXX_LANGUAGE_STANDARD = "gnu++20";
				CLANG_ENABLE_MODULES = YES;
				CLANG_ENABLE_OBJC_ARC = YES;
				CLANG_ENABLE_OBJC_WEAK = YES;
				CLANG_WARN_BLOCK_CAPTURE_AUTORELEASING = YES;
				CLANG_WARN_BOOL_CONVERSION = YES;
				CLANG_WARN_COMMA = YES;
				CLANG_WARN_CONSTANT_CONVERSION = YES;
				CLANG_WARN_DEPRECATED_OBJC_IMPLEMENTATIONS = YES;
				CLANG_WARN_DIRECT_OBJC_ISA_USAGE = YES_ERROR;
				CLANG_WARN_DOCUMENTATION_COMMENTS = YES;
				CLANG_WARN_EMPTY_BODY = YES;
				CLANG_WARN_ENUM_CONVERSION = YES;
				CLANG_WARN_INFINITE_RECURSION = YES;
				CLANG_WARN_INT_CONVERSION = YES;
				CLANG_WARN_NON_LITERAL_NULL_CONVERSION = YES;
				CLANG_WARN_OBJC_IMPLICIT_RETAIN_SELF = YES;
				CLANG_WARN_OBJC_LITERAL_CONVERSION = YES;
				CLANG_WARN_OBJC_ROOT_CLASS = YES_ERROR;
				CLANG_WARN_QUOTED_INCLUDE_IN_FRAMEWORK_HEADER = YES;
				CLANG_WARN_RANGE_LOOP_ANALYSIS = YES;
				CLANG_WARN_STRICT_PROTOTYPES = YES;
				CLANG_WARN_SUSPICIOUS_MOVE = YES;
				CLANG_WARN_UNGUARDED_AVAILABILITY = YES_AGGRESSIVE;
				CLANG_WARN_UNREACHABLE_CODE = YES;
				CLANG_WARN__DUPLICATE_METHOD_MATCH = YES;
				COPY_PHASE_STRIP = NO;
				DEBUG_INFORMATION_FORMAT = "dwarf-with-dsym";
				ENABLE_NS_ASSERTIONS = NO;
				ENABLE_STRICT_OBJC_MSGSEND = YES;
				ENABLE_USER_SCRIPT_SANDBOXING = YES;
				GCC_C_LANGUAGE_STANDARD = gnu11;
				GCC_NO_COMMON_BLOCKS = YES;
				GCC_WARN_64_TO_32_BIT_CONVERSION = YES;
				GCC_WARN_ABOUT_RETURN_TYPE = YES_ERROR;
				GCC_WARN_UNDECLARED_SELECTOR = YES;
				GCC_WARN_UNINITIALIZED_AUTOS = YES_AGGRESSIVE;
				GCC_WARN_UNUSED_FUNCTION = YES;
				GCC_WARN_UNUSED_VARIABLE = YES;
				IPHONEOS_DEPLOYMENT_TARGET = 16.4;
				MTL_ENABLE_DEBUG_INFO = NO;
				MTL_FAST_MATH = YES;
				SDKROOT = iphoneos;
				SWIFT_COMPILATION_MODE = wholemodule;
				SWIFT_OPTIMIZATION_LEVEL = "-O";
				VALIDATE_PRODUCT = YES;
			};
			name = Release;
		};
		A146BEF02AB7353A00A51C57 /* Debug */ = {
			isa = XCBuildConfiguration;
			buildSettings = {
				ASSETCATALOG_COMPILER_APPICON_NAME = AppIcon;
				ASSETCATALOG_COMPILER_GLOBAL_ACCENT_COLOR_NAME = AccentColor;
				CODE_SIGN_ENTITLEMENTS = "To Do/To Do.entitlements";
				CODE_SIGN_STYLE = Automatic;
				CURRENT_PROJECT_VERSION = 1;
				DEVELOPMENT_ASSET_PATHS = "\"To Do/Preview Content\"";
				DEVELOPMENT_TEAM = R429QK642Y;
				ENABLE_PREVIEWS = YES;
				GENERATE_INFOPLIST_FILE = YES;
				INFOPLIST_FILE = "To Do/Resources/Info.plist";
				INFOPLIST_KEY_CFBundleDisplayName = "To Do";
				INFOPLIST_KEY_UIApplicationSceneManifest_Generation = YES;
				INFOPLIST_KEY_UIApplicationSupportsIndirectInputEvents = YES;
				INFOPLIST_KEY_UILaunchScreen_Generation = YES;
				INFOPLIST_KEY_UISupportedInterfaceOrientations = UIInterfaceOrientationPortrait;
				IPHONEOS_DEPLOYMENT_TARGET = 14.0;
				LD_RUNPATH_SEARCH_PATHS = (
					"$(inherited)",
					"@executable_path/Frameworks",
				);
				MARKETING_VERSION = 1.0;
				PRODUCT_BUNDLE_IDENTIFIER = com.bernard.ToDo;
				PRODUCT_NAME = "$(TARGET_NAME)";
				SWIFT_EMIT_LOC_STRINGS = YES;
				SWIFT_VERSION = 5.0;
				TARGETED_DEVICE_FAMILY = "1,2";
			};
			name = Debug;
		};
		A146BEF12AB7353A00A51C57 /* Release */ = {
			isa = XCBuildConfiguration;
			buildSettings = {
				ASSETCATALOG_COMPILER_APPICON_NAME = AppIcon;
				ASSETCATALOG_COMPILER_GLOBAL_ACCENT_COLOR_NAME = AccentColor;
				CODE_SIGN_ENTITLEMENTS = "To Do/To Do.entitlements";
				CODE_SIGN_STYLE = Automatic;
				CURRENT_PROJECT_VERSION = 1;
				DEVELOPMENT_ASSET_PATHS = "\"To Do/Preview Content\"";
				DEVELOPMENT_TEAM = R429QK642Y;
				ENABLE_PREVIEWS = YES;
				GENERATE_INFOPLIST_FILE = YES;
				INFOPLIST_FILE = "To Do/Resources/Info.plist";
				INFOPLIST_KEY_CFBundleDisplayName = "To Do";
				INFOPLIST_KEY_UIApplicationSceneManifest_Generation = YES;
				INFOPLIST_KEY_UIApplicationSupportsIndirectInputEvents = YES;
				INFOPLIST_KEY_UILaunchScreen_Generation = YES;
				INFOPLIST_KEY_UISupportedInterfaceOrientations = UIInterfaceOrientationPortrait;
				IPHONEOS_DEPLOYMENT_TARGET = 14.0;
				LD_RUNPATH_SEARCH_PATHS = (
					"$(inherited)",
					"@executable_path/Frameworks",
				);
				MARKETING_VERSION = 1.0;
				PRODUCT_BUNDLE_IDENTIFIER = com.bernard.ToDo;
				PRODUCT_NAME = "$(TARGET_NAME)";
				SWIFT_EMIT_LOC_STRINGS = YES;
				SWIFT_VERSION = 5.0;
				TARGETED_DEVICE_FAMILY = "1,2";
			};
			name = Release;
		};
/* End XCBuildConfiguration section */

/* Begin XCConfigurationList section */
		A146BEDC2AB7353900A51C57 /* Build configuration list for PBXProject "To Do" */ = {
			isa = XCConfigurationList;
			buildConfigurations = (
				A146BEED2AB7353A00A51C57 /* Debug */,
				A146BEEE2AB7353A00A51C57 /* Release */,
			);
			defaultConfigurationIsVisible = 0;
			defaultConfigurationName = Release;
		};
		A146BEEF2AB7353A00A51C57 /* Build configuration list for PBXNativeTarget "To Do" */ = {
			isa = XCConfigurationList;
			buildConfigurations = (
				A146BEF02AB7353A00A51C57 /* Debug */,
				A146BEF12AB7353A00A51C57 /* Release */,
			);
			defaultConfigurationIsVisible = 0;
			defaultConfigurationName = Release;
		};
/* End XCConfigurationList section */

/* Begin XCRemoteSwiftPackageReference section */
		A146BEF22AB736AC00A51C57 /* XCRemoteSwiftPackageReference "firebase-ios-sdk" */ = {
			isa = XCRemoteSwiftPackageReference;
			repositoryURL = "https://github.com/firebase/firebase-ios-sdk";
			requirement = {
				kind = upToNextMajorVersion;
				minimumVersion = 10.0.0;
			};
		};
		A15982B12AB9167A007ABA6B /* XCRemoteSwiftPackageReference "GoogleSignIn-iOS" */ = {
			isa = XCRemoteSwiftPackageReference;
			repositoryURL = "https://github.com/google/GoogleSignIn-iOS";
			requirement = {
				kind = upToNextMajorVersion;
				minimumVersion = 7.0.0;
			};
		};
		A15982B42AB91CA4007ABA6B /* XCRemoteSwiftPackageReference "facebook-ios-sdk" */ = {
			isa = XCRemoteSwiftPackageReference;
			repositoryURL = "https://github.com/facebook/facebook-ios-sdk";
			requirement = {
				kind = upToNextMajorVersion;
				minimumVersion = 14.0.0;
			};
		};
/* End XCRemoteSwiftPackageReference section */

/* Begin XCSwiftPackageProductDependency section */
		A146BEF32AB736AC00A51C57 /* FirebaseAnalytics */ = {
			isa = XCSwiftPackageProductDependency;
			package = A146BEF22AB736AC00A51C57 /* XCRemoteSwiftPackageReference "firebase-ios-sdk" */;
			productName = FirebaseAnalytics;
		};
		A146BEF52AB736AC00A51C57 /* FirebaseAuth */ = {
			isa = XCSwiftPackageProductDependency;
			package = A146BEF22AB736AC00A51C57 /* XCRemoteSwiftPackageReference "firebase-ios-sdk" */;
			productName = FirebaseAuth;
		};
		A146BEF72AB736AC00A51C57 /* FirebaseFirestore */ = {
			isa = XCSwiftPackageProductDependency;
			package = A146BEF22AB736AC00A51C57 /* XCRemoteSwiftPackageReference "firebase-ios-sdk" */;
			productName = FirebaseFirestore;
		};
		A146BEF92AB736AC00A51C57 /* FirebaseFirestoreSwift */ = {
			isa = XCSwiftPackageProductDependency;
			package = A146BEF22AB736AC00A51C57 /* XCRemoteSwiftPackageReference "firebase-ios-sdk" */;
			productName = FirebaseFirestoreSwift;
		};
		A146BEFB2AB736AC00A51C57 /* FirebaseMessaging */ = {
			isa = XCSwiftPackageProductDependency;
			package = A146BEF22AB736AC00A51C57 /* XCRemoteSwiftPackageReference "firebase-ios-sdk" */;
			productName = FirebaseMessaging;
		};
		A15982B22AB9167A007ABA6B /* GoogleSignIn */ = {
			isa = XCSwiftPackageProductDependency;
			package = A15982B12AB9167A007ABA6B /* XCRemoteSwiftPackageReference "GoogleSignIn-iOS" */;
			productName = GoogleSignIn;
		};
		A15982B52AB91CA4007ABA6B /* FacebookLogin */ = {
			isa = XCSwiftPackageProductDependency;
			package = A15982B42AB91CA4007ABA6B /* XCRemoteSwiftPackageReference "facebook-ios-sdk" */;
			productName = FacebookLogin;
		};
/* End XCSwiftPackageProductDependency section */
	};
	rootObject = A146BED92AB7353900A51C57 /* Project object */;
}
