// !$*UTF8*$!
{
	archiveVersion = 1;
	classes = {
	};
	objectVersion = 56;
	objects = {

/* Begin PBXBuildFile section */
		A146BEE52AB7353900A51C57 /* To_DoApp.swift in Sources */ = {isa = PBXBuildFile; fileRef = A146BEE42AB7353900A51C57 /* To_DoApp.swift */; };
		A146BEE72AB7353900A51C57 /* ContentView.swift in Sources */ = {isa = PBXBuildFile; fileRef = A146BEE62AB7353900A51C57 /* ContentView.swift */; };
		A146BEE92AB7353A00A51C57 /* Assets.xcassets in Resources */ = {isa = PBXBuildFile; fileRef = A146BEE82AB7353A00A51C57 /* Assets.xcassets */; };
		A146BEEC2AB7353A00A51C57 /* Preview Assets.xcassets in Resources */ = {isa = PBXBuildFile; fileRef = A146BEEB2AB7353A00A51C57 /* Preview Assets.xcassets */; };
		A146BEF42AB736AC00A51C57 /* FirebaseAnalytics in Frameworks */ = {isa = PBXBuildFile; productRef = A146BEF32AB736AC00A51C57 /* FirebaseAnalytics */; };
		A146BEF62AB736AC00A51C57 /* FirebaseAuth in Frameworks */ = {isa = PBXBuildFile; productRef = A146BEF52AB736AC00A51C57 /* FirebaseAuth */; };
		A146BEF82AB736AC00A51C57 /* FirebaseFirestore in Frameworks */ = {isa = PBXBuildFile; productRef = A146BEF72AB736AC00A51C57 /* FirebaseFirestore */; };
		A146BEFA2AB736AC00A51C57 /* FirebaseFirestoreSwift in Frameworks */ = {isa = PBXBuildFile; productRef = A146BEF92AB736AC00A51C57 /* FirebaseFirestoreSwift */; };
		A146BEFC2AB736AC00A51C57 /* FirebaseMessaging in Frameworks */ = {isa = PBXBuildFile; productRef = A146BEFB2AB736AC00A51C57 /* FirebaseMessaging */; };
		A146BEFE2AB7379D00A51C57 /* GoogleService-Info.plist in Resources */ = {isa = PBXBuildFile; fileRef = A146BEFD2AB7379D00A51C57 /* GoogleService-Info.plist */; };
/* End PBXBuildFile section */

/* Begin PBXFileReference section */
		A146BEE12AB7353900A51C57 /* To Do.app */ = {isa = PBXFileReference; explicitFileType = wrapper.application; includeInIndex = 0; path = "To Do.app"; sourceTree = BUILT_PRODUCTS_DIR; };
		A146BEE42AB7353900A51C57 /* To_DoApp.swift */ = {isa = PBXFileReference; lastKnownFileType = sourcecode.swift; path = To_DoApp.swift; sourceTree = "<group>"; };
		A146BEE62AB7353900A51C57 /* ContentView.swift */ = {isa = PBXFileReference; lastKnownFileType = sourcecode.swift; path = ContentView.swift; sourceTree = "<group>"; };
		A146BEE82AB7353A00A51C57 /* Assets.xcassets */ = {isa = PBXFileReference; lastKnownFileType = folder.assetcatalog; path = Assets.xcassets; sourceTree = "<group>"; };
		A146BEEB2AB7353A00A51C57 /* Preview Assets.xcassets */ = {isa = PBXFileReference; lastKnownFileType = folder.assetcatalog; path = "Preview Assets.xcassets"; sourceTree = "<group>"; };
		A146BEFD2AB7379D00A51C57 /* GoogleService-Info.plist */ = {isa = PBXFileReference; fileEncoding = 4; lastKnownFileType = text.plist.xml; path = "GoogleService-Info.plist"; sourceTree = "<group>"; };
/* End PBXFileReference section */

/* Begin PBXFrameworksBuildPhase section */
		A146BEDE2AB7353900A51C57 /* Frameworks */ = {
			isa = PBXFrameworksBuildPhase;
			buildActionMask = 2147483647;
			files = (
				A146BEF42AB736AC00A51C57 /* FirebaseAnalytics in Frameworks */,
				A146BEF62AB736AC00A51C57 /* FirebaseAuth in Frameworks */,
				A146BEFC2AB736AC00A51C57 /* FirebaseMessaging in Frameworks */,
				A146BEF82AB736AC00A51C57 /* FirebaseFirestore in Frameworks */,
				A146BEFA2AB736AC00A51C57 /* FirebaseFirestoreSwift in Frameworks */,
			);
			runOnlyForDeploymentPostprocessing = 0;
		};
/* End PBXFrameworksBuildPhase section */

/* Begin PBXGroup section */
		A146BED82AB7353900A51C57 = {
			isa = PBXGroup;
			children = (
				A146BEE32AB7353900A51C57 /* To Do */,
				A146BEE22AB7353900A51C57 /* Products */,
			);
			sourceTree = "<group>";
		};
		A146BEE22AB7353900A51C57 /* Products */ = {
			isa = PBXGroup;
			children = (
				A146BEE12AB7353900A51C57 /* To Do.app */,
			);
			name = Products;
			sourceTree = "<group>";
		};
		A146BEE32AB7353900A51C57 /* To Do */ = {
			isa = PBXGroup;
			children = (
				A146BEFD2AB7379D00A51C57 /* GoogleService-Info.plist */,
				A146BEE42AB7353900A51C57 /* To_DoApp.swift */,
				A146BEE62AB7353900A51C57 /* ContentView.swift */,
				A146BEE82AB7353A00A51C57 /* Assets.xcassets */,
				A146BEEA2AB7353A00A51C57 /* Preview Content */,
			);
			path = "To Do";
			sourceTree = "<group>";
		};
		A146BEEA2AB7353A00A51C57 /* Preview Content */ = {
			isa = PBXGroup;
			children = (
				A146BEEB2AB7353A00A51C57 /* Preview Assets.xcassets */,
			);
			path = "Preview Content";
			sourceTree = "<group>";
		};
/* End PBXGroup section */

/* Begin PBXNativeTarget section */
		A146BEE02AB7353900A51C57 /* To Do */ = {
			isa = PBXNativeTarget;
			buildConfigurationList = A146BEEF2AB7353A00A51C57 /* Build configuration list for PBXNativeTarget "To Do" */;
			buildPhases = (
				A146BEDD2AB7353900A51C57 /* Sources */,
				A146BEDE2AB7353900A51C57 /* Frameworks */,
				A146BEDF2AB7353900A51C57 /* Resources */,
			);
			buildRules = (
			);
			dependencies = (
			);
			name = "To Do";
			packageProductDependencies = (
				A146BEF32AB736AC00A51C57 /* FirebaseAnalytics */,
				A146BEF52AB736AC00A51C57 /* FirebaseAuth */,
				A146BEF72AB736AC00A51C57 /* FirebaseFirestore */,
				A146BEF92AB736AC00A51C57 /* FirebaseFirestoreSwift */,
				A146BEFB2AB736AC00A51C57 /* FirebaseMessaging */,
			);
			productName = "To Do";
			productReference = A146BEE12AB7353900A51C57 /* To Do.app */;
			productType = "com.apple.product-type.application";
		};
/* End PBXNativeTarget section */

/* Begin PBXProject section */
		A146BED92AB7353900A51C57 /* Project object */ = {
			isa = PBXProject;
			attributes = {
				BuildIndependentTargetsInParallel = 1;
				LastSwiftUpdateCheck = 1430;
				LastUpgradeCheck = 1430;
				TargetAttributes = {
					A146BEE02AB7353900A51C57 = {
						CreatedOnToolsVersion = 14.3.1;
					};
				};
			};
			buildConfigurationList = A146BEDC2AB7353900A51C57 /* Build configuration list for PBXProject "To Do" */;
			compatibilityVersion = "Xcode 14.0";
			developmentRegion = en;
			hasScannedForEncodings = 0;
			knownRegions = (
				en,
				Base,
			);
			mainGroup = A146BED82AB7353900A51C57;
			packageReferences = (
				A146BEF22AB736AC00A51C57 /* XCRemoteSwiftPackageReference "firebase-ios-sdk" */,
			);
			productRefGroup = A146BEE22AB7353900A51C57 /* Products */;
			projectDirPath = "";
			projectRoot = "";
			targets = (
				A146BEE02AB7353900A51C57 /* To Do */,
			);
		};
/* End PBXProject section */

/* Begin PBXResourcesBuildPhase section */
		A146BEDF2AB7353900A51C57 /* Resources */ = {
			isa = PBXResourcesBuildPhase;
			buildActionMask = 2147483647;
			files = (
				A146BEEC2AB7353A00A51C57 /* Preview Assets.xcassets in Resources */,
				A146BEE92AB7353A00A51C57 /* Assets.xcassets in Resources */,
				A146BEFE2AB7379D00A51C57 /* GoogleService-Info.plist in Resources */,
			);
			runOnlyForDeploymentPostprocessing = 0;
		};
/* End PBXResourcesBuildPhase section */

/* Begin PBXSourcesBuildPhase section */
		A146BEDD2AB7353900A51C57 /* Sources */ = {
			isa = PBXSourcesBuildPhase;
			buildActionMask = 2147483647;
			files = (
				A146BEE72AB7353900A51C57 /* ContentView.swift in Sources */,
				A146BEE52AB7353900A51C57 /* To_DoApp.swift in Sources */,
			);
			runOnlyForDeploymentPostprocessing = 0;
		};
/* End PBXSourcesBuildPhase section */

/* Begin XCBuildConfiguration section */
		A146BEED2AB7353A00A51C57 /* Debug */ = {
			isa = XCBuildConfiguration;
			buildSettings = {
				ALWAYS_SEARCH_USER_PATHS = NO;
				CLANG_ANALYZER_NONNULL = YES;
				CLANG_ANALYZER_NUMBER_OBJECT_CONVERSION = YES_AGGRESSIVE;
				CLANG_CXX_LANGUAGE_STANDARD = "gnu++20";
				CLANG_ENABLE_MODULES = YES;
				CLANG_ENABLE_OBJC_ARC = YES;
				CLANG_ENABLE_OBJC_WEAK = YES;
				CLANG_WARN_BLOCK_CAPTURE_AUTORELEASING = YES;
				CLANG_WARN_BOOL_CONVERSION = YES;
				CLANG_WARN_COMMA = YES;
				CLANG_WARN_CONSTANT_CONVERSION = YES;
				CLANG_WARN_DEPRECATED_OBJC_IMPLEMENTATIONS = YES;
				CLANG_WARN_DIRECT_OBJC_ISA_USAGE = YES_ERROR;
				CLANG_WARN_DOCUMENTATION_COMMENTS = YES;
				CLANG_WARN_EMPTY_BODY = YES;
				CLANG_WARN_ENUM_CONVERSION = YES;
				CLANG_WARN_INFINITE_RECURSION = YES;
				CLANG_WARN_INT_CONVERSION = YES;
				CLANG_WARN_NON_LITERAL_NULL_CONVERSION = YES;
				CLANG_WARN_OBJC_IMPLICIT_RETAIN_SELF = YES;
				CLANG_WARN_OBJC_LITERAL_CONVERSION = YES;
				CLANG_WARN_OBJC_ROOT_CLASS = YES_ERROR;
				CLANG_WARN_QUOTED_INCLUDE_IN_FRAMEWORK_HEADER = YES;
				CLANG_WARN_RANGE_LOOP_ANALYSIS = YES;
				CLANG_WARN_STRICT_PROTOTYPES = YES;
				CLANG_WARN_SUSPICIOUS_MOVE = YES;
				CLANG_WARN_UNGUARDED_AVAILABILITY = YES_AGGRESSIVE;
				CLANG_WARN_UNREACHABLE_CODE = YES;
				CLANG_WARN__DUPLICATE_METHOD_MATCH = YES;
				COPY_PHASE_STRIP = NO;
				DEBUG_INFORMATION_FORMAT = dwarf;
				ENABLE_STRICT_OBJC_MSGSEND = YES;
				ENABLE_TESTABILITY = YES;
				GCC_C_LANGUAGE_STANDARD = gnu11;
				GCC_DYNAMIC_NO_PIC = NO;
				GCC_NO_COMMON_BLOCKS = YES;
				GCC_OPTIMIZATION_LEVEL = 0;
				GCC_PREPROCESSOR_DEFINITIONS = (
					"DEBUG=1",
					"$(inherited)",
				);
				GCC_WARN_64_TO_32_BIT_CONVERSION = YES;
				GCC_WARN_ABOUT_RETURN_TYPE = YES_ERROR;
				GCC_WARN_UNDECLARED_SELECTOR = YES;
				GCC_WARN_UNINITIALIZED_AUTOS = YES_AGGRESSIVE;
				GCC_WARN_UNUSED_FUNCTION = YES;
				GCC_WARN_UNUSED_VARIABLE = YES;
				IPHONEOS_DEPLOYMENT_TARGET = 16.4;
				MTL_ENABLE_DEBUG_INFO = INCLUDE_SOURCE;
				MTL_FAST_MATH = YES;
				ONLY_ACTIVE_ARCH = YES;
				SDKROOT = iphoneos;
				SWIFT_ACTIVE_COMPILATION_CONDITIONS = DEBUG;
				SWIFT_OPTIMIZATION_LEVEL = "-Onone";
			};
			name = Debug;
		};
		A146BEEE2AB7353A00A51C57 /* Release */ = {
			isa = XCBuildConfiguration;
			buildSettings = {
				ALWAYS_SEARCH_USER_PATHS = NO;
				CLANG_ANALYZER_NONNULL = YES;
				CLANG_ANALYZER_NUMBER_OBJECT_CONVERSION = YES_AGGRESSIVE;
				CLANG_CXX_LANGUAGE_STANDARD = "gnu++20";
				CLANG_ENABLE_MODULES = YES;
				CLANG_ENABLE_OBJC_ARC = YES;
				CLANG_ENABLE_OBJC_WEAK = YES;
				CLANG_WARN_BLOCK_CAPTURE_AUTORELEASING = YES;
				CLANG_WARN_BOOL_CONVERSION = YES;
				CLANG_WARN_COMMA = YES;
				CLANG_WARN_CONSTANT_CONVERSION = YES;
				CLANG_WARN_DEPRECATED_OBJC_IMPLEMENTATIONS = YES;
				CLANG_WARN_DIRECT_OBJC_ISA_USAGE = YES_ERROR;
				CLANG_WARN_DOCUMENTATION_COMMENTS = YES;
				CLANG_WARN_EMPTY_BODY = YES;
				CLANG_WARN_ENUM_CONVERSION = YES;
				CLANG_WARN_INFINITE_RECURSION = YES;
				CLANG_WARN_INT_CONVERSION = YES;
				CLANG_WARN_NON_LITERAL_NULL_CONVERSION = YES;
				CLANG_WARN_OBJC_IMPLICIT_RETAIN_SELF = YES;
				CLANG_WARN_OBJC_LITERAL_CONVERSION = YES;
				CLANG_WARN_OBJC_ROOT_CLASS = YES_ERROR;
				CLANG_WARN_QUOTED_INCLUDE_IN_FRAMEWORK_HEADER = YES;
				CLANG_WARN_RANGE_LOOP_ANALYSIS = YES;
				CLANG_WARN_STRICT_PROTOTYPES = YES;
				CLANG_WARN_SUSPICIOUS_MOVE = YES;
				CLANG_WARN_UNGUARDED_AVAILABILITY = YES_AGGRESSIVE;
				CLANG_WARN_UNREACHABLE_CODE = YES;
				CLANG_WARN__DUPLICATE_METHOD_MATCH = YES;
				COPY_PHASE_STRIP = NO;
				DEBUG_INFORMATION_FORMAT = "dwarf-with-dsym";
				ENABLE_NS_ASSERTIONS = NO;
				ENABLE_STRICT_OBJC_MSGSEND = YES;
				GCC_C_LANGUAGE_STANDARD = gnu11;
				GCC_NO_COMMON_BLOCKS = YES;
				GCC_WARN_64_TO_32_BIT_CONVERSION = YES;
				GCC_WARN_ABOUT_RETURN_TYPE = YES_ERROR;
				GCC_WARN_UNDECLARED_SELECTOR = YES;
				GCC_WARN_UNINITIALIZED_AUTOS = YES_AGGRESSIVE;
				GCC_WARN_UNUSED_FUNCTION = YES;
				GCC_WARN_UNUSED_VARIABLE = YES;
				IPHONEOS_DEPLOYMENT_TARGET = 16.4;
				MTL_ENABLE_DEBUG_INFO = NO;
				MTL_FAST_MATH = YES;
				SDKROOT = iphoneos;
				SWIFT_COMPILATION_MODE = wholemodule;
				SWIFT_OPTIMIZATION_LEVEL = "-O";
				VALIDATE_PRODUCT = YES;
			};
			name = Release;
		};
		A146BEF02AB7353A00A51C57 /* Debug */ = {
			isa = XCBuildConfiguration;
			buildSettings = {
				ASSETCATALOG_COMPILER_APPICON_NAME = AppIcon;
				ASSETCATALOG_COMPILER_GLOBAL_ACCENT_COLOR_NAME = AccentColor;
				CODE_SIGN_STYLE = Automatic;
				CURRENT_PROJECT_VERSION = 1;
				DEVELOPMENT_ASSET_PATHS = "\"To Do/Preview Content\"";
				DEVELOPMENT_TEAM = R429QK642Y;
				ENABLE_PREVIEWS = YES;
				GENERATE_INFOPLIST_FILE = YES;
				INFOPLIST_KEY_CFBundleDisplayName = "To Do";
				INFOPLIST_KEY_UIApplicationSceneManifest_Generation = YES;
				INFOPLIST_KEY_UIApplicationSupportsIndirectInputEvents = YES;
				INFOPLIST_KEY_UILaunchScreen_Generation = YES;
				INFOPLIST_KEY_UISupportedInterfaceOrientations = UIInterfaceOrientationPortrait;
				LD_RUNPATH_SEARCH_PATHS = (
					"$(inherited)",
					"@executable_path/Frameworks",
				);
				MARKETING_VERSION = 1.0;
				PRODUCT_BUNDLE_IDENTIFIER = com.bernard.ToDo;
				PRODUCT_NAME = "$(TARGET_NAME)";
				SWIFT_EMIT_LOC_STRINGS = YES;
				SWIFT_VERSION = 5.0;
				TARGETED_DEVICE_FAMILY = "1,2";
			};
			name = Debug;
		};
		A146BEF12AB7353A00A51C57 /* Release */ = {
			isa = XCBuildConfiguration;
			buildSettings = {
				ASSETCATALOG_COMPILER_APPICON_NAME = AppIcon;
				ASSETCATALOG_COMPILER_GLOBAL_ACCENT_COLOR_NAME = AccentColor;
				CODE_SIGN_STYLE = Automatic;
				CURRENT_PROJECT_VERSION = 1;
				DEVELOPMENT_ASSET_PATHS = "\"To Do/Preview Content\"";
				DEVELOPMENT_TEAM = R429QK642Y;
				ENABLE_PREVIEWS = YES;
				GENERATE_INFOPLIST_FILE = YES;
				INFOPLIST_KEY_CFBundleDisplayName = "To Do";
				INFOPLIST_KEY_UIApplicationSceneManifest_Generation = YES;
				INFOPLIST_KEY_UIApplicationSupportsIndirectInputEvents = YES;
				INFOPLIST_KEY_UILaunchScreen_Generation = YES;
				INFOPLIST_KEY_UISupportedInterfaceOrientations = UIInterfaceOrientationPortrait;
				LD_RUNPATH_SEARCH_PATHS = (
					"$(inherited)",
					"@executable_path/Frameworks",
				);
				MARKETING_VERSION = 1.0;
				PRODUCT_BUNDLE_IDENTIFIER = com.bernard.ToDo;
				PRODUCT_NAME = "$(TARGET_NAME)";
				SWIFT_EMIT_LOC_STRINGS = YES;
				SWIFT_VERSION = 5.0;
				TARGETED_DEVICE_FAMILY = "1,2";
			};
			name = Release;
		};
/* End XCBuildConfiguration section */

/* Begin XCConfigurationList section */
		A146BEDC2AB7353900A51C57 /* Build configuration list for PBXProject "To Do" */ = {
			isa = XCConfigurationList;
			buildConfigurations = (
				A146BEED2AB7353A00A51C57 /* Debug */,
				A146BEEE2AB7353A00A51C57 /* Release */,
			);
			defaultConfigurationIsVisible = 0;
			defaultConfigurationName = Release;
		};
		A146BEEF2AB7353A00A51C57 /* Build configuration list for PBXNativeTarget "To Do" */ = {
			isa = XCConfigurationList;
			buildConfigurations = (
				A146BEF02AB7353A00A51C57 /* Debug */,
				A146BEF12AB7353A00A51C57 /* Release */,
			);
			defaultConfigurationIsVisible = 0;
			defaultConfigurationName = Release;
		};
/* End XCConfigurationList section */

/* Begin XCRemoteSwiftPackageReference section */
		A146BEF22AB736AC00A51C57 /* XCRemoteSwiftPackageReference "firebase-ios-sdk" */ = {
			isa = XCRemoteSwiftPackageReference;
			repositoryURL = "https://github.com/firebase/firebase-ios-sdk";
			requirement = {
				kind = upToNextMajorVersion;
				minimumVersion = 10.0.0;
			};
		};
/* End XCRemoteSwiftPackageReference section */

/* Begin XCSwiftPackageProductDependency section */
		A146BEF32AB736AC00A51C57 /* FirebaseAnalytics */ = {
			isa = XCSwiftPackageProductDependency;
			package = A146BEF22AB736AC00A51C57 /* XCRemoteSwiftPackageReference "firebase-ios-sdk" */;
			productName = FirebaseAnalytics;
		};
		A146BEF52AB736AC00A51C57 /* FirebaseAuth */ = {
			isa = XCSwiftPackageProductDependency;
			package = A146BEF22AB736AC00A51C57 /* XCRemoteSwiftPackageReference "firebase-ios-sdk" */;
			productName = FirebaseAuth;
		};
		A146BEF72AB736AC00A51C57 /* FirebaseFirestore */ = {
			isa = XCSwiftPackageProductDependency;
			package = A146BEF22AB736AC00A51C57 /* XCRemoteSwiftPackageReference "firebase-ios-sdk" */;
			productName = FirebaseFirestore;
		};
		A146BEF92AB736AC00A51C57 /* FirebaseFirestoreSwift */ = {
			isa = XCSwiftPackageProductDependency;
			package = A146BEF22AB736AC00A51C57 /* XCRemoteSwiftPackageReference "firebase-ios-sdk" */;
			productName = FirebaseFirestoreSwift;
		};
		A146BEFB2AB736AC00A51C57 /* FirebaseMessaging */ = {
			isa = XCSwiftPackageProductDependency;
			package = A146BEF22AB736AC00A51C57 /* XCRemoteSwiftPackageReference "firebase-ios-sdk" */;
			productName = FirebaseMessaging;
		};
/* End XCSwiftPackageProductDependency section */
	};
	rootObject = A146BED92AB7353900A51C57 /* Project object */;
}
